
Microsoft Visual Studio Solution File, Format Version 12.00
# Visual Studio Version 17
VisualStudioVersion = 17.14.36429.23 d17.14
MinimumVisualStudioVersion = 10.0.40219.1
Project("{FAE04EC0-301F-11D3-BF4B-00C04F79EFBC}") = "OrgManager.WinForms", "OrgManager.WinForms\OrgManager.WinForms.csproj", "{E58990C2-209F-4BEE-BF17-2C79C2905184}"
EndProject
Global
	GlobalSection(SolutionConfigurationPlatforms) = preSolution
		Debug|Any CPU = Debug|Any CPU
		Release|Any CPU = Release|Any CPU
	EndGlobalSection
	GlobalSection(ProjectConfigurationPlatforms) = postSolution
		{E58990C2-209F-4BEE-BF17-2C79C2905184}.Debug|Any CPU.ActiveCfg = Debug|Any CPU
		{E58990C2-209F-4BEE-BF17-2C79C2905184}.Debug|Any CPU.Build.0 = Debug|Any CPU
		{E58990C2-209F-4BEE-BF17-2C79C2905184}.Release|Any CPU.ActiveCfg = Release|Any CPU
		{E58990C2-209F-4BEE-BF17-2C79C2905184}.Release|Any CPU.Build.0 = Release|Any CPU
	EndGlobalSection
	GlobalSection(SolutionProperties) = preSolution
		HideSolutionNode = FALSE
	EndGlobalSection
	GlobalSection(ExtensibilityGlobals) = postSolution
		SolutionGuid = {50BAE7E0-BB4E-4CB1-A0E7-6371337023AC}
	EndGlobalSection
EndGlobal
